{
  "name": "helloworld",
  "version": "1.0.0",
  "lockfileVersion": 3,
  "requires": true,
  "packages": {
    "": {
      "name": "helloworld",
      "version": "1.0.0",
      "dependencies": {
        "carol-js": "file:../../dist"
      }
    },
    "../../dist": {
      "name": "carol-js",
      "version": "1.0.0",
      "license": "MIT"
    },
    "node_modules/carol-js": {
      "resolved": "../../dist",
      "link": true
    }
  }
}
